
Microsoft Visual Studio Solution File, Format Version 12.00
# Visual Studio Version 17
VisualStudioVersion = 17.7.34202.233
MinimumVisualStudioVersion = 10.0.40219.1
Project("{FAE04EC0-301F-11D3-BF4B-00C04F79EFBC}") = "WebAPI", "WebAPI.csproj", "{3B1FCD00-0288-4D45-A842-567291AFEF53}"
EndProject
Global
	GlobalSection(SolutionConfigurationPlatforms) = preSolution
		Debug|Any CPU = Debug|Any CPU
		Release|Any CPU = Release|Any CPU
	EndGlobalSection
	GlobalSection(ProjectConfigurationPlatforms) = postSolution
		{3B1FCD00-0288-4D45-A842-567291AFEF53}.Debug|Any CPU.ActiveCfg = Debug|Any CPU
		{3B1FCD00-0288-4D45-A842-567291AFEF53}.Debug|Any CPU.Build.0 = Debug|Any CPU
		{3B1FCD00-0288-4D45-A842-567291AFEF53}.Release|Any CPU.ActiveCfg = Release|Any CPU
		{3B1FCD00-0288-4D45-A842-567291AFEF53}.Release|Any CPU.Build.0 = Release|Any CPU
	EndGlobalSection
	GlobalSection(SolutionProperties) = preSolution
		HideSolutionNode = FALSE
	EndGlobalSection
	GlobalSection(ExtensibilityGlobals) = postSolution
		SolutionGuid = {844A3769-BF43-4E7F-90E4-178E7BB3DF41}
	EndGlobalSection
EndGlobal
